
Microsoft Visual Studio Solution File, Format Version 12.00
Project("{FAE04EC0-301F-11D3-BF4B-00C04F79EFBC}") = "MauiGestures", "MauiGestures\MauiGestures.csproj", "{AECE19C4-4693-4516-9F6F-9DAE5C792B88}"
EndProject
Project("{FAE04EC0-301F-11D3-BF4B-00C04F79EFBC}") = "DemoApp", "Demo\DemoApp\DemoApp.csproj", "{603C5ABC-ADB7-41F8-8789-3332D32F0C15}"
EndProject
Project("{2150E333-8FDC-42A3-9474-1A3956D46DE8}") = "Build", "Build", "{8612F0AD-CE5D-4B97-86EE-5397D6ABDE74}"
	ProjectSection(SolutionItems) = preProject
		.github\workflows\main.yaml = .github\workflows\main.yaml
	EndProjectSection
EndProject
Global
	GlobalSection(SolutionConfigurationPlatforms) = preSolution
		Debug|Any CPU = Debug|Any CPU
		Release|Any CPU = Release|Any CPU
	EndGlobalSection
	GlobalSection(ProjectConfigurationPlatforms) = postSolution
		{AECE19C4-4693-4516-9F6F-9DAE5C792B88}.Debug|Any CPU.ActiveCfg = Debug|Any CPU
		{AECE19C4-4693-4516-9F6F-9DAE5C792B88}.Debug|Any CPU.Build.0 = Debug|Any CPU
		{AECE19C4-4693-4516-9F6F-9DAE5C792B88}.Release|Any CPU.ActiveCfg = Release|Any CPU
		{AECE19C4-4693-4516-9F6F-9DAE5C792B88}.Release|Any CPU.Build.0 = Release|Any CPU
		{603C5ABC-ADB7-41F8-8789-3332D32F0C15}.Debug|Any CPU.ActiveCfg = Debug|Any CPU
		{603C5ABC-ADB7-41F8-8789-3332D32F0C15}.Debug|Any CPU.Build.0 = Debug|Any CPU
		{603C5ABC-ADB7-41F8-8789-3332D32F0C15}.Release|Any CPU.ActiveCfg = Release|Any CPU
		{603C5ABC-ADB7-41F8-8789-3332D32F0C15}.Release|Any CPU.Build.0 = Release|Any CPU
	EndGlobalSection
EndGlobal
