
Microsoft Visual Studio Solution File, Format Version 12.00
# Visual Studio Version 17
VisualStudioVersion = 17.11.35327.3
MinimumVisualStudioVersion = 10.0.40219.1
Project("{9A19103F-16F7-4668-BE54-9A1E7A4F7556}") = "MauiGestures", "MauiGestures\MauiGestures.csproj", "{AECE19C4-4693-4516-9F6F-9DAE5C792B88}"
EndProject
Project("{9A19103F-16F7-4668-BE54-9A1E7A4F7556}") = "MauiGestures.Example", "MauiGestures.Example\MauiGestures.Example.csproj", "{591A143D-E2B5-4033-8199-2032F16995F2}"
EndProject
Global
	GlobalSection(SolutionConfigurationPlatforms) = preSolution
		Debug|Any CPU = Debug|Any CPU
		Release|Any CPU = Release|Any CPU
	EndGlobalSection
	GlobalSection(ProjectConfigurationPlatforms) = postSolution
		{AECE19C4-4693-4516-9F6F-9DAE5C792B88}.Debug|Any CPU.ActiveCfg = Debug|Any CPU
		{AECE19C4-4693-4516-9F6F-9DAE5C792B88}.Debug|Any CPU.Build.0 = Debug|Any CPU
		{AECE19C4-4693-4516-9F6F-9DAE5C792B88}.Release|Any CPU.ActiveCfg = Release|Any CPU
		{AECE19C4-4693-4516-9F6F-9DAE5C792B88}.Release|Any CPU.Build.0 = Release|Any CPU
		{591A143D-E2B5-4033-8199-2032F16995F2}.Debug|Any CPU.ActiveCfg = Debug|Any CPU
		{591A143D-E2B5-4033-8199-2032F16995F2}.Debug|Any CPU.Build.0 = Debug|Any CPU
		{591A143D-E2B5-4033-8199-2032F16995F2}.Debug|Any CPU.Deploy.0 = Debug|Any CPU
		{591A143D-E2B5-4033-8199-2032F16995F2}.Release|Any CPU.ActiveCfg = Release|Any CPU
		{591A143D-E2B5-4033-8199-2032F16995F2}.Release|Any CPU.Build.0 = Release|Any CPU
		{591A143D-E2B5-4033-8199-2032F16995F2}.Release|Any CPU.Deploy.0 = Release|Any CPU
	EndGlobalSection
	GlobalSection(SolutionProperties) = preSolution
		HideSolutionNode = FALSE
	EndGlobalSection
EndGlobal
